
Microsoft Visual Studio Solution File, Format Version 12.00
# Visual Studio Version 16
VisualStudioVersion = 16.0.30114.105
MinimumVisualStudioVersion = 10.0.40219.1
Project("{FAE04EC0-301F-11D3-BF4B-00C04F79EFBC}") = "FactroyDesignPattern", "FactroyDesignPattern\FactroyDesignPattern.csproj", "{8D7136AF-D45F-4514-A7BB-BA6D0B09F054}"
EndProject
Global
	GlobalSection(SolutionConfigurationPlatforms) = preSolution
		Debug|Any CPU = Debug|Any CPU
		Release|Any CPU = Release|Any CPU
	EndGlobalSection
	GlobalSection(ProjectConfigurationPlatforms) = postSolution
		{8D7136AF-D45F-4514-A7BB-BA6D0B09F054}.Debug|Any CPU.ActiveCfg = Debug|Any CPU
		{8D7136AF-D45F-4514-A7BB-BA6D0B09F054}.Debug|Any CPU.Build.0 = Debug|Any CPU
		{8D7136AF-D45F-4514-A7BB-BA6D0B09F054}.Release|Any CPU.ActiveCfg = Release|Any CPU
		{8D7136AF-D45F-4514-A7BB-BA6D0B09F054}.Release|Any CPU.Build.0 = Release|Any CPU
	EndGlobalSection
	GlobalSection(SolutionProperties) = preSolution
		HideSolutionNode = FALSE
	EndGlobalSection
	GlobalSection(ExtensibilityGlobals) = postSolution
		SolutionGuid = {50F2DB04-9D59-4EB0-AEBB-DE591261948E}
	EndGlobalSection
EndGlobal
